{
    "version": 3,
    "terraform_version": "0.11.11",
    "serial": 2,
    "lineage": "19719063-d120-5aed-ea4f-cff9f3dfbce1",
    "modules": [
        {
            "path": [
                "root"
            ],
            "outputs": {
                "dynamodb_table": {
                    "sensitive": false,
                    "type": "string",
                    "value": "charmed-gopher-ter-state"
                },
                "s3_url": {
                    "sensitive": false,
                    "type": "string",
                    "value": "charmed-gopher-ter-state"
                }
            },
            "resources": {
                "aws_dynamodb_table.dynamodb-terraform-state-lock": {
                    "type": "aws_dynamodb_table",
                    "depends_on": [
                        "random_pet.server"
                    ],
                    "primary": {
                        "id": "charmed-gopher-ter-state",
                        "attributes": {
                            "arn": "arn:aws:dynamodb:us-east-1:218067254075:table/charmed-gopher-ter-state",
                            "attribute.#": "1",
                            "attribute.2068930648.name": "LockID",
                            "attribute.2068930648.type": "S",
                            "billing_mode": "PROVISIONED",
                            "global_secondary_index.#": "0",
                            "hash_key": "LockID",
                            "id": "charmed-gopher-ter-state",
                            "local_secondary_index.#": "0",
                            "name": "charmed-gopher-ter-state",
                            "point_in_time_recovery.#": "1",
                            "point_in_time_recovery.0.enabled": "false",
                            "read_capacity": "20",
                            "server_side_encryption.#": "0",
                            "stream_arn": "",
                            "stream_enabled": "false",
                            "stream_label": "",
                            "stream_view_type": "",
                            "tags.%": "1",
                            "tags.Name": "DynamoDB Terraform State Lock Table",
                            "ttl.#": "1",
                            "ttl.0.attribute_name": "",
                            "ttl.0.enabled": "false",
                            "write_capacity": "20"
                        },
                        "meta": {
                            "e2bfb730-ecaa-11e6-8f88-34363bc7c4c0": {
                                "create": 600000000000,
                                "delete": 600000000000,
                                "update": 3600000000000
                            },
                            "schema_version": "1"
                        },
                        "tainted": false
                    },
                    "deposed": [],
                    "provider": "provider.aws"
                },
                "aws_s3_bucket.bucket": {
                    "type": "aws_s3_bucket",
                    "depends_on": [
                        "random_pet.server"
                    ],
                    "primary": {
                        "id": "charmed-gopher-ter-state",
                        "attributes": {
                            "acceleration_status": "",
                            "acl": "private",
                            "arn": "arn:aws:s3:::charmed-gopher-ter-state",
                            "bucket": "charmed-gopher-ter-state",
                            "bucket_domain_name": "charmed-gopher-ter-state.s3.amazonaws.com",
                            "bucket_regional_domain_name": "charmed-gopher-ter-state.s3.amazonaws.com",
                            "cors_rule.#": "0",
                            "force_destroy": "false",
                            "hosted_zone_id": "Z3AQBSTGFYJSTF",
                            "id": "charmed-gopher-ter-state",
                            "lifecycle_rule.#": "0",
                            "logging.#": "0",
                            "object_lock_configuration.#": "0",
                            "region": "us-east-1",
                            "replication_configuration.#": "0",
                            "request_payer": "BucketOwner",
                            "server_side_encryption_configuration.#": "0",
                            "tags.%": "0",
                            "versioning.#": "1",
                            "versioning.0.enabled": "true",
                            "versioning.0.mfa_delete": "false",
                            "website.#": "0"
                        },
                        "meta": {},
                        "tainted": false
                    },
                    "deposed": [],
                    "provider": "provider.aws"
                },
                "random_pet.server": {
                    "type": "random_pet",
                    "depends_on": [],
                    "primary": {
                        "id": "charmed-gopher",
                        "attributes": {
                            "id": "charmed-gopher",
                            "length": "2",
                            "separator": "-"
                        },
                        "meta": {},
                        "tainted": false
                    },
                    "deposed": [],
                    "provider": "provider.random"
                }
            },
            "depends_on": []
        }
    ]
}
